
Microsoft Visual Studio Solution File, Format Version 12.00
# Visual Studio Version 17
VisualStudioVersion = 17.10.35004.147
MinimumVisualStudioVersion = 10.0.40219.1
Project("{9A19103F-16F7-4668-BE54-9A1E7A4F7556}") = "CustomAcuitPinpointClient", "CustomAcuitPinpointClient\CustomAcuitPinpointClient.csproj", "{F5236A3D-F107-4A3D-8FE9-62AEF31BBF21}"
EndProject
Project("{F184B08F-C81C-45F6-A57F-5ABD9991F28F}") = "CustomAcuitPinpointClientVB", "CustomAcuitPinpointClientVB\CustomAcuitPinpointClientVB.vbproj", "{AB226902-4D85-49DC-9FC2-121AC3DB31B6}"
EndProject
Project("{2150E333-8FDC-42A3-9474-1A3956D46DE8}") = "Solution Items", "Solution Items", "{8EC462FD-D22E-90A8-E5CE-7E832BA40C5D}"
	ProjectSection(SolutionItems) = preProject
		.gitignore = .gitignore
		README.md = README.md
	EndProjectSection
EndProject
Global
	GlobalSection(SolutionConfigurationPlatforms) = preSolution
		Debug|Any CPU = Debug|Any CPU
		Release|Any CPU = Release|Any CPU
	EndGlobalSection
	GlobalSection(ProjectConfigurationPlatforms) = postSolution
		{F5236A3D-F107-4A3D-8FE9-62AEF31BBF21}.Debug|Any CPU.ActiveCfg = Debug|Any CPU
		{F5236A3D-F107-4A3D-8FE9-62AEF31BBF21}.Debug|Any CPU.Build.0 = Debug|Any CPU
		{F5236A3D-F107-4A3D-8FE9-62AEF31BBF21}.Release|Any CPU.ActiveCfg = Release|Any CPU
		{F5236A3D-F107-4A3D-8FE9-62AEF31BBF21}.Release|Any CPU.Build.0 = Release|Any CPU
		{AB226902-4D85-49DC-9FC2-121AC3DB31B6}.Debug|Any CPU.ActiveCfg = Debug|Any CPU
		{AB226902-4D85-49DC-9FC2-121AC3DB31B6}.Debug|Any CPU.Build.0 = Debug|Any CPU
		{AB226902-4D85-49DC-9FC2-121AC3DB31B6}.Release|Any CPU.ActiveCfg = Release|Any CPU
		{AB226902-4D85-49DC-9FC2-121AC3DB31B6}.Release|Any CPU.Build.0 = Release|Any CPU
	EndGlobalSection
	GlobalSection(SolutionProperties) = preSolution
		HideSolutionNode = FALSE
	EndGlobalSection
	GlobalSection(ExtensibilityGlobals) = postSolution
		SolutionGuid = {24576052-728E-42E1-9BC6-352095B72292}
	EndGlobalSection
EndGlobal
